<Solution>
  <Folder Name="/docker/">
    <Project Path="docker/docker-compose.dcproj" Id="81dded9d-158b-e303-5f62-77a2896d2a5a">
      <Build />
    </Project>
  </Folder>
  <Folder Name="/gateway/">
    <Project Path="gateway/AiGarden.YarpGateway/AiGarden.YarpGateway.csproj" />
  </Folder>
  <Folder Name="/services/" />
  <Folder Name="/services/AiGarden.AiService/">
    <Project Path="services/AiGarden.AiService/AiGarden.AiService/AiGarden.AiService.csproj" />
  </Folder>
  <Folder Name="/services/AiGarden.HistoryService/">
    <Project Path="services/AiGarden.HistoryService/AiGarden.HistoryService/AiGarden.HistoryService.csproj" />
  </Folder>
  <Folder Name="/services/AiGarden.StorageS3Service/">
    <Project Path="services/AiGarden.StorageS3Service/AiGarden.StorageS3Service/AiGarden.StorageS3Service.csproj" />
  </Folder>
</Solution>
